
Microsoft Visual Studio Solution File, Format Version 12.00
# Visual Studio Version 16
VisualStudioVersion = 16.0.30011.22
MinimumVisualStudioVersion = 10.0.40219.1
Project("{2150E333-8FDC-42A3-9474-1A3956D46DE8}") = "Solution Items", "Solution Items", "{59AD732A-C9F9-4837-842A-EDFBEFD3776C}"
	ProjectSection(SolutionItems) = preProject
		AIT.ruleset = AIT.ruleset
		GlobalAssemblyInfo.cs = GlobalAssemblyInfo.cs
		..\README.md = ..\README.md
		Settings.StyleCop = Settings.StyleCop
	EndProjectSection
EndProject
Project("{2150E333-8FDC-42A3-9474-1A3956D46DE8}") = "TFS.SyncService", "TFS.SyncService", "{793AF583-3F77-4231-8E3C-8C4DE542B6BB}"
EndProject
Project("{2150E333-8FDC-42A3-9474-1A3956D46DE8}") = "Adapter", "Adapter", "{CF7A4BD2-4773-44AF-A68E-053A16F69460}"
EndProject
Project("{2150E333-8FDC-42A3-9474-1A3956D46DE8}") = "Docs", "Docs", "{D6513B59-C491-422F-9491-74ADAD70672E}"
	ProjectSection(SolutionItems) = preProject
		..\Docs\Changelog.txt = ..\Docs\Changelog.txt
		..\Docs\ComponentOverview.vsd = ..\Docs\ComponentOverview.vsd
		..\Docs\TFS.SyncService.shfbproj = ..\Docs\TFS.SyncService.shfbproj
	EndProjectSection
EndProject
Project("{FAE04EC0-301F-11D3-BF4B-00C04F79EFBC}") = "TFS.SyncService.Contracts", "TFS.SyncService.Contracts\TFS.SyncService.Contracts.csproj", "{12CDD38A-1C4B-46C9-A7C6-A21219A68CC0}"
EndProject
Project("{FAE04EC0-301F-11D3-BF4B-00C04F79EFBC}") = "TFS.SyncService.Adapter.Word2007", "TFS.SyncService.Adapter.Word2007\TFS.SyncService.Adapter.Word2007.csproj", "{9592E3A7-963D-4607-9DB1-568BF4B250CE}"
EndProject
Project("{FAE04EC0-301F-11D3-BF4B-00C04F79EFBC}") = "TFS.SyncService.Test.Unit", "TFS.SyncService.Test\TFS.SyncService.Test.Unit.csproj", "{56E5E12E-2179-4B89-9CE2-D991BDC11EF4}"
EndProject
Project("{FAE04EC0-301F-11D3-BF4B-00C04F79EFBC}") = "TFS.SyncService.Factory", "TFS.SyncService.Factory\TFS.SyncService.Factory.csproj", "{31458D3D-6D11-4D02-B91C-67E2285B48FE}"
EndProject
Project("{FAE04EC0-301F-11D3-BF4B-00C04F79EFBC}") = "TFS.SyncService.Service", "TFS.SyncService.Service\TFS.SyncService.Service.csproj", "{D3047BAA-5C31-49A0-8F0F-02E611755B49}"
EndProject
Project("{FAE04EC0-301F-11D3-BF4B-00C04F79EFBC}") = "TFS.SyncService.View.Controls", "TFS.SyncService.View.Controls\TFS.SyncService.View.Controls.csproj", "{97E2FB72-1F14-498E-A534-BF3512306DE3}"
EndProject
Project("{FAE04EC0-301F-11D3-BF4B-00C04F79EFBC}") = "TFS.SyncService.Model", "TFS.SyncService.Model\TFS.SyncService.Model.csproj", "{F48666A9-DD77-426C-87CD-9950D0825C78}"
EndProject
Project("{FAE04EC0-301F-11D3-BF4B-00C04F79EFBC}") = "TFS.SyncService.Adapter.TFS2012", "TFS.SyncService.Adapter.TFS2010\TFS.SyncService.Adapter.TFS2012.csproj", "{40ACCA31-F82B-42D7-8E7A-B34C0ACA5A9B}"
EndProject
Project("{FAE04EC0-301F-11D3-BF4B-00C04F79EFBC}") = "TFS.SyncService.View.Word", "TFS.SyncService.View.Word2007\TFS.SyncService.View.Word.csproj", "{28E3E2F3-F99D-47F2-992B-C9D87220C2EF}"
EndProject
Project("{FAE04EC0-301F-11D3-BF4B-00C04F79EFBC}") = "TFS.SyncService.Model.Test.Unit", "TFS.SyncService.Model.Test\TFS.SyncService.Model.Test.Unit.csproj", "{E24B01E1-9228-41AD-9320-B159C8D05632}"
EndProject
Project("{FAE04EC0-301F-11D3-BF4B-00C04F79EFBC}") = "TFS.SyncService.Test.Integration", "TFS.SyncService.IntegrationTests\TFS.SyncService.Test.Integration.csproj", "{AC0F81E2-EE0B-4F63-908F-48AC139437A8}"
EndProject
Project("{FAE04EC0-301F-11D3-BF4B-00C04F79EFBC}") = "TFS.SyncService.W2TConsole", "TFS.SyncService.W2TConsole\TFS.SyncService.W2TConsole.csproj", "{4D4D120C-00C1-492D-A776-FE49FD9903EB}"
EndProject
Project("{FAE04EC0-301F-11D3-BF4B-00C04F79EFBC}") = "ManyConsole", "ManyConsole\ManyConsole.csproj", "{90DB8534-C471-47CF-999D-BE7A86070979}"
EndProject
Project("{FAE04EC0-301F-11D3-BF4B-00C04F79EFBC}") = "TFS.Test.Common", "TFS.Test.Common\TFS.Test.Common.csproj", "{71FD43CC-68CD-4EB9-AA2F-94FEAF743965}"
EndProject
Project("{FAE04EC0-301F-11D3-BF4B-00C04F79EFBC}") = "TFS.SyncService.Model.Test.Integration", "TFS.SyncService.Model.Tests.Integration\TFS.SyncService.Model.Test.Integration.csproj", "{F88FFBC1-A743-49A8-A848-122E2617366F}"
EndProject
Project("{FAE04EC0-301F-11D3-BF4B-00C04F79EFBC}") = "TFS.SyncService.Common", "TFS.SyncService.Common\TFS.SyncService.Common.csproj", "{C134B4F2-71C6-4F6B-8CBD-E833F959698D}"
EndProject
Project("{FAE04EC0-301F-11D3-BF4B-00C04F79EFBC}") = "TFS.SyncService.Common.Test.Unit", "TFS.SyncService.Common.Test.Unit\TFS.SyncService.Common.Test.Unit.csproj", "{C13C196C-24EE-4A54-A19A-7B6CC637C44A}"
EndProject
Project("{2150E333-8FDC-42A3-9474-1A3956D46DE8}") = "OfficialSamples", "OfficialSamples", "{54F464EE-09C8-4A06-BA85-8FE64097AB6E}"
	ProjectSection(SolutionItems) = preProject
		..\Docs\OfficialSamples\ConfigurationSample.xml = ..\Docs\OfficialSamples\ConfigurationSample.xml
		..\Docs\OfficialSamples\ConsoleExtensionSampleCalls.txt = ..\Docs\OfficialSamples\ConsoleExtensionSampleCalls.txt
	EndProjectSection
EndProject
Project("{2150E333-8FDC-42A3-9474-1A3956D46DE8}") = "Modeling", "Modeling", "{E76F8285-2376-4FCE-94AC-CD92FA66B8F3}"
EndProject
Project("{F088123C-0E9E-452A-89E6-6BA2F21D5CAC}") = "TFS.SyncServicice.Modeling", "TFS.SyncServicice.Modeling\TFS.SyncServicice.Modeling.modelproj", "{3882963C-55FC-409F-B256-47BC80A4705A}"
EndProject
Project("{2150E333-8FDC-42A3-9474-1A3956D46DE8}") = ".nuget", ".nuget", "{6051A3EE-DC27-43AF-B5D4-99BF9FE54088}"
	ProjectSection(SolutionItems) = preProject
		.nuget\NuGet.Config = .nuget\NuGet.Config
	EndProjectSection
EndProject
Project("{2150E333-8FDC-42A3-9474-1A3956D46DE8}") = ".Settings", ".Settings", "{9D09E6EB-FAD9-4476-89B5-81267929223C}"
	ProjectSection(SolutionItems) = preProject
		..\.gitignore = ..\.gitignore
		AIT.CodeAnalysisDictionary.xml = AIT.CodeAnalysisDictionary.xml
		AIT.ruleset = AIT.ruleset
		AIT.snk = AIT.snk
		Dummy.snk = Dummy.snk
		Local.runsettings = Local.runsettings
		Settings.StyleCop = Settings.StyleCop
		WordToTFS.sln.DotSettings = WordToTFS.sln.DotSettings
	EndProjectSection
EndProject
Project("{FAE04EC0-301F-11D3-BF4B-00C04F79EFBC}") = "TFS.SyncService.Adapter.TFS2012.Test", "TFS.SyncService.Adapter.TFS2012.Test\TFS.SyncService.Adapter.TFS2012.Test.csproj", "{88A6AC86-DF5D-4C3B-8C4F-02C9F8E2D865}"
EndProject
Global
	GlobalSection(SolutionConfigurationPlatforms) = preSolution
		Debug|Any CPU = Debug|Any CPU
		Debug|Mixed Platforms = Debug|Mixed Platforms
		Debug|x86 = Debug|x86
		Release|Any CPU = Release|Any CPU
		Release|Mixed Platforms = Release|Mixed Platforms
		Release|x86 = Release|x86
		RunConsole|Any CPU = RunConsole|Any CPU
		RunConsole|Mixed Platforms = RunConsole|Mixed Platforms
		RunConsole|x86 = RunConsole|x86
		RunConsoleWithConfigFile|Any CPU = RunConsoleWithConfigFile|Any CPU
		RunConsoleWithConfigFile|Mixed Platforms = RunConsoleWithConfigFile|Mixed Platforms
		RunConsoleWithConfigFile|x86 = RunConsoleWithConfigFile|x86
	EndGlobalSection
	GlobalSection(ProjectConfigurationPlatforms) = postSolution
		{12CDD38A-1C4B-46C9-A7C6-A21219A68CC0}.Debug|Any CPU.ActiveCfg = Debug|Any CPU
		{12CDD38A-1C4B-46C9-A7C6-A21219A68CC0}.Debug|Any CPU.Build.0 = Debug|Any CPU
		{12CDD38A-1C4B-46C9-A7C6-A21219A68CC0}.Debug|Mixed Platforms.ActiveCfg = Debug|Any CPU
		{12CDD38A-1C4B-46C9-A7C6-A21219A68CC0}.Debug|Mixed Platforms.Build.0 = Debug|Any CPU
		{12CDD38A-1C4B-46C9-A7C6-A21219A68CC0}.Debug|x86.ActiveCfg = Debug|Any CPU
		{12CDD38A-1C4B-46C9-A7C6-A21219A68CC0}.Release|Any CPU.ActiveCfg = Release|Any CPU
		{12CDD38A-1C4B-46C9-A7C6-A21219A68CC0}.Release|Any CPU.Build.0 = Release|Any CPU
		{12CDD38A-1C4B-46C9-A7C6-A21219A68CC0}.Release|Mixed Platforms.ActiveCfg = Release|Any CPU
		{12CDD38A-1C4B-46C9-A7C6-A21219A68CC0}.Release|Mixed Platforms.Build.0 = Release|Any CPU
		{12CDD38A-1C4B-46C9-A7C6-A21219A68CC0}.Release|x86.ActiveCfg = Release|Any CPU
		{12CDD38A-1C4B-46C9-A7C6-A21219A68CC0}.RunConsole|Any CPU.ActiveCfg = RunConsole|Any CPU
		{12CDD38A-1C4B-46C9-A7C6-A21219A68CC0}.RunConsole|Any CPU.Build.0 = RunConsole|Any CPU
		{12CDD38A-1C4B-46C9-A7C6-A21219A68CC0}.RunConsole|Mixed Platforms.ActiveCfg = RunConsole|Any CPU
		{12CDD38A-1C4B-46C9-A7C6-A21219A68CC0}.RunConsole|Mixed Platforms.Build.0 = RunConsole|Any CPU
		{12CDD38A-1C4B-46C9-A7C6-A21219A68CC0}.RunConsole|x86.ActiveCfg = RunConsole|Any CPU
		{12CDD38A-1C4B-46C9-A7C6-A21219A68CC0}.RunConsoleWithConfigFile|Any CPU.ActiveCfg = RunConsole|Any CPU
		{12CDD38A-1C4B-46C9-A7C6-A21219A68CC0}.RunConsoleWithConfigFile|Any CPU.Build.0 = RunConsole|Any CPU
		{12CDD38A-1C4B-46C9-A7C6-A21219A68CC0}.RunConsoleWithConfigFile|Mixed Platforms.ActiveCfg = RunConsole|Any CPU
		{12CDD38A-1C4B-46C9-A7C6-A21219A68CC0}.RunConsoleWithConfigFile|Mixed Platforms.Build.0 = RunConsole|Any CPU
		{12CDD38A-1C4B-46C9-A7C6-A21219A68CC0}.RunConsoleWithConfigFile|x86.ActiveCfg = RunConsole|Any CPU
		{9592E3A7-963D-4607-9DB1-568BF4B250CE}.Debug|Any CPU.ActiveCfg = Debug|Any CPU
		{9592E3A7-963D-4607-9DB1-568BF4B250CE}.Debug|Any CPU.Build.0 = Debug|Any CPU
		{9592E3A7-963D-4607-9DB1-568BF4B250CE}.Debug|Mixed Platforms.ActiveCfg = Debug|Any CPU
		{9592E3A7-963D-4607-9DB1-568BF4B250CE}.Debug|Mixed Platforms.Build.0 = Debug|Any CPU
		{9592E3A7-963D-4607-9DB1-568BF4B250CE}.Debug|x86.ActiveCfg = Debug|Any CPU
		{9592E3A7-963D-4607-9DB1-568BF4B250CE}.Release|Any CPU.ActiveCfg = Release|Any CPU
		{9592E3A7-963D-4607-9DB1-568BF4B250CE}.Release|Any CPU.Build.0 = Release|Any CPU
		{9592E3A7-963D-4607-9DB1-568BF4B250CE}.Release|Mixed Platforms.ActiveCfg = Release|Any CPU
		{9592E3A7-963D-4607-9DB1-568BF4B250CE}.Release|Mixed Platforms.Build.0 = Release|Any CPU
		{9592E3A7-963D-4607-9DB1-568BF4B250CE}.Release|x86.ActiveCfg = Release|Any CPU
		{9592E3A7-963D-4607-9DB1-568BF4B250CE}.RunConsole|Any CPU.ActiveCfg = RunConsole|Any CPU
		{9592E3A7-963D-4607-9DB1-568BF4B250CE}.RunConsole|Any CPU.Build.0 = RunConsole|Any CPU
		{9592E3A7-963D-4607-9DB1-568BF4B250CE}.RunConsole|Mixed Platforms.ActiveCfg = RunConsole|Any CPU
		{9592E3A7-963D-4607-9DB1-568BF4B250CE}.RunConsole|Mixed Platforms.Build.0 = RunConsole|Any CPU
		{9592E3A7-963D-4607-9DB1-568BF4B250CE}.RunConsole|x86.ActiveCfg = RunConsole|Any CPU
		{9592E3A7-963D-4607-9DB1-568BF4B250CE}.RunConsoleWithConfigFile|Any CPU.ActiveCfg = RunConsoleWithConfigFile|Any CPU
		{9592E3A7-963D-4607-9DB1-568BF4B250CE}.RunConsoleWithConfigFile|Any CPU.Build.0 = RunConsoleWithConfigFile|Any CPU
		{9592E3A7-963D-4607-9DB1-568BF4B250CE}.RunConsoleWithConfigFile|Mixed Platforms.ActiveCfg = RunConsoleWithConfigFile|Any CPU
		{9592E3A7-963D-4607-9DB1-568BF4B250CE}.RunConsoleWithConfigFile|Mixed Platforms.Build.0 = RunConsoleWithConfigFile|Any CPU
		{9592E3A7-963D-4607-9DB1-568BF4B250CE}.RunConsoleWithConfigFile|x86.ActiveCfg = RunConsoleWithConfigFile|Any CPU
		{56E5E12E-2179-4B89-9CE2-D991BDC11EF4}.Debug|Any CPU.ActiveCfg = Debug|Any CPU
		{56E5E12E-2179-4B89-9CE2-D991BDC11EF4}.Debug|Any CPU.Build.0 = Debug|Any CPU
		{56E5E12E-2179-4B89-9CE2-D991BDC11EF4}.Debug|Mixed Platforms.ActiveCfg = Debug|Any CPU
		{56E5E12E-2179-4B89-9CE2-D991BDC11EF4}.Debug|Mixed Platforms.Build.0 = Debug|Any CPU
		{56E5E12E-2179-4B89-9CE2-D991BDC11EF4}.Debug|x86.ActiveCfg = Debug|Any CPU
		{56E5E12E-2179-4B89-9CE2-D991BDC11EF4}.Release|Any CPU.ActiveCfg = Release|Any CPU
		{56E5E12E-2179-4B89-9CE2-D991BDC11EF4}.Release|Any CPU.Build.0 = Release|Any CPU
		{56E5E12E-2179-4B89-9CE2-D991BDC11EF4}.Release|Mixed Platforms.ActiveCfg = Release|Any CPU
		{56E5E12E-2179-4B89-9CE2-D991BDC11EF4}.Release|Mixed Platforms.Build.0 = Release|Any CPU
		{56E5E12E-2179-4B89-9CE2-D991BDC11EF4}.Release|x86.ActiveCfg = Release|Any CPU
		{56E5E12E-2179-4B89-9CE2-D991BDC11EF4}.RunConsole|Any CPU.ActiveCfg = RunConsole|Any CPU
		{56E5E12E-2179-4B89-9CE2-D991BDC11EF4}.RunConsole|Any CPU.Build.0 = RunConsole|Any CPU
		{56E5E12E-2179-4B89-9CE2-D991BDC11EF4}.RunConsole|Mixed Platforms.ActiveCfg = RunConsole|Any CPU
		{56E5E12E-2179-4B89-9CE2-D991BDC11EF4}.RunConsole|Mixed Platforms.Build.0 = RunConsole|Any CPU
		{56E5E12E-2179-4B89-9CE2-D991BDC11EF4}.RunConsole|x86.ActiveCfg = RunConsole|Any CPU
		{56E5E12E-2179-4B89-9CE2-D991BDC11EF4}.RunConsoleWithConfigFile|Any CPU.ActiveCfg = RunConsole|Any CPU
		{56E5E12E-2179-4B89-9CE2-D991BDC11EF4}.RunConsoleWithConfigFile|Any CPU.Build.0 = RunConsole|Any CPU
		{56E5E12E-2179-4B89-9CE2-D991BDC11EF4}.RunConsoleWithConfigFile|Mixed Platforms.ActiveCfg = RunConsole|Any CPU
		{56E5E12E-2179-4B89-9CE2-D991BDC11EF4}.RunConsoleWithConfigFile|Mixed Platforms.Build.0 = RunConsole|Any CPU
		{56E5E12E-2179-4B89-9CE2-D991BDC11EF4}.RunConsoleWithConfigFile|x86.ActiveCfg = RunConsole|Any CPU
		{31458D3D-6D11-4D02-B91C-67E2285B48FE}.Debug|Any CPU.ActiveCfg = Debug|Any CPU
		{31458D3D-6D11-4D02-B91C-67E2285B48FE}.Debug|Any CPU.Build.0 = Debug|Any CPU
		{31458D3D-6D11-4D02-B91C-67E2285B48FE}.Debug|Mixed Platforms.ActiveCfg = Debug|Any CPU
		{31458D3D-6D11-4D02-B91C-67E2285B48FE}.Debug|Mixed Platforms.Build.0 = Debug|Any CPU
		{31458D3D-6D11-4D02-B91C-67E2285B48FE}.Debug|x86.ActiveCfg = Debug|Any CPU
		{31458D3D-6D11-4D02-B91C-67E2285B48FE}.Release|Any CPU.ActiveCfg = Release|Any CPU
		{31458D3D-6D11-4D02-B91C-67E2285B48FE}.Release|Any CPU.Build.0 = Release|Any CPU
		{31458D3D-6D11-4D02-B91C-67E2285B48FE}.Release|Mixed Platforms.ActiveCfg = Release|Any CPU
		{31458D3D-6D11-4D02-B91C-67E2285B48FE}.Release|Mixed Platforms.Build.0 = Release|Any CPU
		{31458D3D-6D11-4D02-B91C-67E2285B48FE}.Release|x86.ActiveCfg = Release|Any CPU
		{31458D3D-6D11-4D02-B91C-67E2285B48FE}.RunConsole|Any CPU.ActiveCfg = RunConsole|Any CPU
		{31458D3D-6D11-4D02-B91C-67E2285B48FE}.RunConsole|Any CPU.Build.0 = RunConsole|Any CPU
		{31458D3D-6D11-4D02-B91C-67E2285B48FE}.RunConsole|Mixed Platforms.ActiveCfg = RunConsole|Any CPU
		{31458D3D-6D11-4D02-B91C-67E2285B48FE}.RunConsole|Mixed Platforms.Build.0 = RunConsole|Any CPU
		{31458D3D-6D11-4D02-B91C-67E2285B48FE}.RunConsole|x86.ActiveCfg = RunConsole|Any CPU
		{31458D3D-6D11-4D02-B91C-67E2285B48FE}.RunConsoleWithConfigFile|Any CPU.ActiveCfg = RunConsole|Any CPU
		{31458D3D-6D11-4D02-B91C-67E2285B48FE}.RunConsoleWithConfigFile|Any CPU.Build.0 = RunConsole|Any CPU
		{31458D3D-6D11-4D02-B91C-67E2285B48FE}.RunConsoleWithConfigFile|Mixed Platforms.ActiveCfg = RunConsole|Any CPU
		{31458D3D-6D11-4D02-B91C-67E2285B48FE}.RunConsoleWithConfigFile|Mixed Platforms.Build.0 = RunConsole|Any CPU
		{31458D3D-6D11-4D02-B91C-67E2285B48FE}.RunConsoleWithConfigFile|x86.ActiveCfg = RunConsole|Any CPU
		{D3047BAA-5C31-49A0-8F0F-02E611755B49}.Debug|Any CPU.ActiveCfg = Debug|Any CPU
		{D3047BAA-5C31-49A0-8F0F-02E611755B49}.Debug|Any CPU.Build.0 = Debug|Any CPU
		{D3047BAA-5C31-49A0-8F0F-02E611755B49}.Debug|Mixed Platforms.ActiveCfg = Debug|Any CPU
		{D3047BAA-5C31-49A0-8F0F-02E611755B49}.Debug|Mixed Platforms.Build.0 = Debug|Any CPU
		{D3047BAA-5C31-49A0-8F0F-02E611755B49}.Debug|x86.ActiveCfg = Debug|Any CPU
		{D3047BAA-5C31-49A0-8F0F-02E611755B49}.Release|Any CPU.ActiveCfg = Release|Any CPU
		{D3047BAA-5C31-49A0-8F0F-02E611755B49}.Release|Any CPU.Build.0 = Release|Any CPU
		{D3047BAA-5C31-49A0-8F0F-02E611755B49}.Release|Mixed Platforms.ActiveCfg = Release|Any CPU
		{D3047BAA-5C31-49A0-8F0F-02E611755B49}.Release|Mixed Platforms.Build.0 = Release|Any CPU
		{D3047BAA-5C31-49A0-8F0F-02E611755B49}.Release|x86.ActiveCfg = Release|Any CPU
		{D3047BAA-5C31-49A0-8F0F-02E611755B49}.RunConsole|Any CPU.ActiveCfg = RunConsole|Any CPU
		{D3047BAA-5C31-49A0-8F0F-02E611755B49}.RunConsole|Any CPU.Build.0 = RunConsole|Any CPU
		{D3047BAA-5C31-49A0-8F0F-02E611755B49}.RunConsole|Mixed Platforms.ActiveCfg = RunConsole|Any CPU
		{D3047BAA-5C31-49A0-8F0F-02E611755B49}.RunConsole|Mixed Platforms.Build.0 = RunConsole|Any CPU
		{D3047BAA-5C31-49A0-8F0F-02E611755B49}.RunConsole|x86.ActiveCfg = RunConsole|Any CPU
		{D3047BAA-5C31-49A0-8F0F-02E611755B49}.RunConsoleWithConfigFile|Any CPU.ActiveCfg = RunConsole|Any CPU
		{D3047BAA-5C31-49A0-8F0F-02E611755B49}.RunConsoleWithConfigFile|Any CPU.Build.0 = RunConsole|Any CPU
		{D3047BAA-5C31-49A0-8F0F-02E611755B49}.RunConsoleWithConfigFile|Mixed Platforms.ActiveCfg = RunConsole|Any CPU
		{D3047BAA-5C31-49A0-8F0F-02E611755B49}.RunConsoleWithConfigFile|Mixed Platforms.Build.0 = RunConsole|Any CPU
		{D3047BAA-5C31-49A0-8F0F-02E611755B49}.RunConsoleWithConfigFile|x86.ActiveCfg = RunConsole|Any CPU
		{97E2FB72-1F14-498E-A534-BF3512306DE3}.Debug|Any CPU.ActiveCfg = Debug|Any CPU
		{97E2FB72-1F14-498E-A534-BF3512306DE3}.Debug|Any CPU.Build.0 = Debug|Any CPU
		{97E2FB72-1F14-498E-A534-BF3512306DE3}.Debug|Mixed Platforms.ActiveCfg = Debug|Any CPU
		{97E2FB72-1F14-498E-A534-BF3512306DE3}.Debug|Mixed Platforms.Build.0 = Debug|Any CPU
		{97E2FB72-1F14-498E-A534-BF3512306DE3}.Debug|x86.ActiveCfg = Debug|Any CPU
		{97E2FB72-1F14-498E-A534-BF3512306DE3}.Release|Any CPU.ActiveCfg = Release|Any CPU
		{97E2FB72-1F14-498E-A534-BF3512306DE3}.Release|Any CPU.Build.0 = Release|Any CPU
		{97E2FB72-1F14-498E-A534-BF3512306DE3}.Release|Mixed Platforms.ActiveCfg = Release|Any CPU
		{97E2FB72-1F14-498E-A534-BF3512306DE3}.Release|Mixed Platforms.Build.0 = Release|Any CPU
		{97E2FB72-1F14-498E-A534-BF3512306DE3}.Release|x86.ActiveCfg = Release|Any CPU
		{97E2FB72-1F14-498E-A534-BF3512306DE3}.RunConsole|Any CPU.ActiveCfg = RunConsole|Any CPU
		{97E2FB72-1F14-498E-A534-BF3512306DE3}.RunConsole|Any CPU.Build.0 = RunConsole|Any CPU
		{97E2FB72-1F14-498E-A534-BF3512306DE3}.RunConsole|Mixed Platforms.ActiveCfg = RunConsole|Any CPU
		{97E2FB72-1F14-498E-A534-BF3512306DE3}.RunConsole|Mixed Platforms.Build.0 = RunConsole|Any CPU
		{97E2FB72-1F14-498E-A534-BF3512306DE3}.RunConsole|x86.ActiveCfg = RunConsole|Any CPU
		{97E2FB72-1F14-498E-A534-BF3512306DE3}.RunConsoleWithConfigFile|Any CPU.ActiveCfg = RunConsole|Any CPU
		{97E2FB72-1F14-498E-A534-BF3512306DE3}.RunConsoleWithConfigFile|Any CPU.Build.0 = RunConsole|Any CPU
		{97E2FB72-1F14-498E-A534-BF3512306DE3}.RunConsoleWithConfigFile|Mixed Platforms.ActiveCfg = RunConsole|Any CPU
		{97E2FB72-1F14-498E-A534-BF3512306DE3}.RunConsoleWithConfigFile|Mixed Platforms.Build.0 = RunConsole|Any CPU
		{97E2FB72-1F14-498E-A534-BF3512306DE3}.RunConsoleWithConfigFile|x86.ActiveCfg = RunConsole|Any CPU
		{F48666A9-DD77-426C-87CD-9950D0825C78}.Debug|Any CPU.ActiveCfg = Debug|Any CPU
		{F48666A9-DD77-426C-87CD-9950D0825C78}.Debug|Any CPU.Build.0 = Debug|Any CPU
		{F48666A9-DD77-426C-87CD-9950D0825C78}.Debug|Mixed Platforms.ActiveCfg = Debug|Any CPU
		{F48666A9-DD77-426C-87CD-9950D0825C78}.Debug|Mixed Platforms.Build.0 = Debug|Any CPU
		{F48666A9-DD77-426C-87CD-9950D0825C78}.Debug|x86.ActiveCfg = Debug|Any CPU
		{F48666A9-DD77-426C-87CD-9950D0825C78}.Release|Any CPU.ActiveCfg = Release|Any CPU
		{F48666A9-DD77-426C-87CD-9950D0825C78}.Release|Any CPU.Build.0 = Release|Any CPU
		{F48666A9-DD77-426C-87CD-9950D0825C78}.Release|Mixed Platforms.ActiveCfg = Release|Any CPU
		{F48666A9-DD77-426C-87CD-9950D0825C78}.Release|Mixed Platforms.Build.0 = Release|Any CPU
		{F48666A9-DD77-426C-87CD-9950D0825C78}.Release|x86.ActiveCfg = Release|Any CPU
		{F48666A9-DD77-426C-87CD-9950D0825C78}.RunConsole|Any CPU.ActiveCfg = RunConsole|Any CPU
		{F48666A9-DD77-426C-87CD-9950D0825C78}.RunConsole|Any CPU.Build.0 = RunConsole|Any CPU
		{F48666A9-DD77-426C-87CD-9950D0825C78}.RunConsole|Mixed Platforms.ActiveCfg = RunConsole|Any CPU
		{F48666A9-DD77-426C-87CD-9950D0825C78}.RunConsole|Mixed Platforms.Build.0 = RunConsole|Any CPU
		{F48666A9-DD77-426C-87CD-9950D0825C78}.RunConsole|x86.ActiveCfg = RunConsole|Any CPU
		{F48666A9-DD77-426C-87CD-9950D0825C78}.RunConsoleWithConfigFile|Any CPU.ActiveCfg = RunConsole|Any CPU
		{F48666A9-DD77-426C-87CD-9950D0825C78}.RunConsoleWithConfigFile|Any CPU.Build.0 = RunConsole|Any CPU
		{F48666A9-DD77-426C-87CD-9950D0825C78}.RunConsoleWithConfigFile|Mixed Platforms.ActiveCfg = RunConsole|Any CPU
		{F48666A9-DD77-426C-87CD-9950D0825C78}.RunConsoleWithConfigFile|Mixed Platforms.Build.0 = RunConsole|Any CPU
		{F48666A9-DD77-426C-87CD-9950D0825C78}.RunConsoleWithConfigFile|x86.ActiveCfg = RunConsole|Any CPU
		{40ACCA31-F82B-42D7-8E7A-B34C0ACA5A9B}.Debug|Any CPU.ActiveCfg = Debug|Any CPU
		{40ACCA31-F82B-42D7-8E7A-B34C0ACA5A9B}.Debug|Any CPU.Build.0 = Debug|Any CPU
		{40ACCA31-F82B-42D7-8E7A-B34C0ACA5A9B}.Debug|Mixed Platforms.ActiveCfg = Debug|Any CPU
		{40ACCA31-F82B-42D7-8E7A-B34C0ACA5A9B}.Debug|Mixed Platforms.Build.0 = Debug|Any CPU
		{40ACCA31-F82B-42D7-8E7A-B34C0ACA5A9B}.Debug|x86.ActiveCfg = Debug|Any CPU
		{40ACCA31-F82B-42D7-8E7A-B34C0ACA5A9B}.Release|Any CPU.ActiveCfg = Release|Any CPU
		{40ACCA31-F82B-42D7-8E7A-B34C0ACA5A9B}.Release|Any CPU.Build.0 = Release|Any CPU
		{40ACCA31-F82B-42D7-8E7A-B34C0ACA5A9B}.Release|Mixed Platforms.ActiveCfg = Release|Any CPU
		{40ACCA31-F82B-42D7-8E7A-B34C0ACA5A9B}.Release|Mixed Platforms.Build.0 = Release|Any CPU
		{40ACCA31-F82B-42D7-8E7A-B34C0ACA5A9B}.Release|x86.ActiveCfg = Release|Any CPU
		{40ACCA31-F82B-42D7-8E7A-B34C0ACA5A9B}.RunConsole|Any CPU.ActiveCfg = RunConsole|Any CPU
		{40ACCA31-F82B-42D7-8E7A-B34C0ACA5A9B}.RunConsole|Any CPU.Build.0 = RunConsole|Any CPU
		{40ACCA31-F82B-42D7-8E7A-B34C0ACA5A9B}.RunConsole|Mixed Platforms.ActiveCfg = RunConsole|Any CPU
		{40ACCA31-F82B-42D7-8E7A-B34C0ACA5A9B}.RunConsole|Mixed Platforms.Build.0 = RunConsole|Any CPU
		{40ACCA31-F82B-42D7-8E7A-B34C0ACA5A9B}.RunConsole|x86.ActiveCfg = RunConsole|Any CPU
		{40ACCA31-F82B-42D7-8E7A-B34C0ACA5A9B}.RunConsoleWithConfigFile|Any CPU.ActiveCfg = RunConsoleWithConfigFile|Any CPU
		{40ACCA31-F82B-42D7-8E7A-B34C0ACA5A9B}.RunConsoleWithConfigFile|Any CPU.Build.0 = RunConsoleWithConfigFile|Any CPU
		{40ACCA31-F82B-42D7-8E7A-B34C0ACA5A9B}.RunConsoleWithConfigFile|Mixed Platforms.ActiveCfg = RunConsoleWithConfigFile|Any CPU
		{40ACCA31-F82B-42D7-8E7A-B34C0ACA5A9B}.RunConsoleWithConfigFile|Mixed Platforms.Build.0 = RunConsoleWithConfigFile|Any CPU
		{40ACCA31-F82B-42D7-8E7A-B34C0ACA5A9B}.RunConsoleWithConfigFile|x86.ActiveCfg = RunConsoleWithConfigFile|Any CPU
		{28E3E2F3-F99D-47F2-992B-C9D87220C2EF}.Debug|Any CPU.ActiveCfg = Debug|Any CPU
		{28E3E2F3-F99D-47F2-992B-C9D87220C2EF}.Debug|Any CPU.Build.0 = Debug|Any CPU
		{28E3E2F3-F99D-47F2-992B-C9D87220C2EF}.Debug|Mixed Platforms.ActiveCfg = Debug|Any CPU
		{28E3E2F3-F99D-47F2-992B-C9D87220C2EF}.Debug|Mixed Platforms.Build.0 = Debug|Any CPU
		{28E3E2F3-F99D-47F2-992B-C9D87220C2EF}.Debug|x86.ActiveCfg = Debug|Any CPU
		{28E3E2F3-F99D-47F2-992B-C9D87220C2EF}.Release|Any CPU.ActiveCfg = Release|Any CPU
		{28E3E2F3-F99D-47F2-992B-C9D87220C2EF}.Release|Any CPU.Build.0 = Release|Any CPU
		{28E3E2F3-F99D-47F2-992B-C9D87220C2EF}.Release|Mixed Platforms.ActiveCfg = Release|Any CPU
		{28E3E2F3-F99D-47F2-992B-C9D87220C2EF}.Release|Mixed Platforms.Build.0 = Release|Any CPU
		{28E3E2F3-F99D-47F2-992B-C9D87220C2EF}.Release|x86.ActiveCfg = Release|Any CPU
		{28E3E2F3-F99D-47F2-992B-C9D87220C2EF}.RunConsole|Any CPU.ActiveCfg = RunConsole|Any CPU
		{28E3E2F3-F99D-47F2-992B-C9D87220C2EF}.RunConsole|Any CPU.Build.0 = RunConsole|Any CPU
		{28E3E2F3-F99D-47F2-992B-C9D87220C2EF}.RunConsole|Mixed Platforms.ActiveCfg = RunConsole|Any CPU
		{28E3E2F3-F99D-47F2-992B-C9D87220C2EF}.RunConsole|Mixed Platforms.Build.0 = RunConsole|Any CPU
		{28E3E2F3-F99D-47F2-992B-C9D87220C2EF}.RunConsole|x86.ActiveCfg = RunConsole|Any CPU
		{28E3E2F3-F99D-47F2-992B-C9D87220C2EF}.RunConsoleWithConfigFile|Any CPU.ActiveCfg = RunConsole|Any CPU
		{28E3E2F3-F99D-47F2-992B-C9D87220C2EF}.RunConsoleWithConfigFile|Any CPU.Build.0 = RunConsole|Any CPU
		{28E3E2F3-F99D-47F2-992B-C9D87220C2EF}.RunConsoleWithConfigFile|Mixed Platforms.ActiveCfg = RunConsole|Any CPU
		{28E3E2F3-F99D-47F2-992B-C9D87220C2EF}.RunConsoleWithConfigFile|Mixed Platforms.Build.0 = RunConsole|Any CPU
		{28E3E2F3-F99D-47F2-992B-C9D87220C2EF}.RunConsoleWithConfigFile|x86.ActiveCfg = RunConsole|Any CPU
		{E24B01E1-9228-41AD-9320-B159C8D05632}.Debug|Any CPU.ActiveCfg = Debug|Any CPU
		{E24B01E1-9228-41AD-9320-B159C8D05632}.Debug|Any CPU.Build.0 = Debug|Any CPU
		{E24B01E1-9228-41AD-9320-B159C8D05632}.Debug|Mixed Platforms.ActiveCfg = Debug|Any CPU
		{E24B01E1-9228-41AD-9320-B159C8D05632}.Debug|Mixed Platforms.Build.0 = Debug|Any CPU
		{E24B01E1-9228-41AD-9320-B159C8D05632}.Debug|x86.ActiveCfg = Debug|Any CPU
		{E24B01E1-9228-41AD-9320-B159C8D05632}.Release|Any CPU.ActiveCfg = Release|Any CPU
		{E24B01E1-9228-41AD-9320-B159C8D05632}.Release|Any CPU.Build.0 = Release|Any CPU
		{E24B01E1-9228-41AD-9320-B159C8D05632}.Release|Mixed Platforms.ActiveCfg = Release|Any CPU
		{E24B01E1-9228-41AD-9320-B159C8D05632}.Release|Mixed Platforms.Build.0 = Release|Any CPU
		{E24B01E1-9228-41AD-9320-B159C8D05632}.Release|x86.ActiveCfg = Release|Any CPU
		{E24B01E1-9228-41AD-9320-B159C8D05632}.RunConsole|Any CPU.ActiveCfg = RunConsole|Any CPU
		{E24B01E1-9228-41AD-9320-B159C8D05632}.RunConsole|Any CPU.Build.0 = RunConsole|Any CPU
		{E24B01E1-9228-41AD-9320-B159C8D05632}.RunConsole|Mixed Platforms.ActiveCfg = RunConsole|Any CPU
		{E24B01E1-9228-41AD-9320-B159C8D05632}.RunConsole|Mixed Platforms.Build.0 = RunConsole|Any CPU
		{E24B01E1-9228-41AD-9320-B159C8D05632}.RunConsole|x86.ActiveCfg = RunConsole|Any CPU
		{E24B01E1-9228-41AD-9320-B159C8D05632}.RunConsoleWithConfigFile|Any CPU.ActiveCfg = RunConsole|Any CPU
		{E24B01E1-9228-41AD-9320-B159C8D05632}.RunConsoleWithConfigFile|Any CPU.Build.0 = RunConsole|Any CPU
		{E24B01E1-9228-41AD-9320-B159C8D05632}.RunConsoleWithConfigFile|Mixed Platforms.ActiveCfg = RunConsole|Any CPU
		{E24B01E1-9228-41AD-9320-B159C8D05632}.RunConsoleWithConfigFile|Mixed Platforms.Build.0 = RunConsole|Any CPU
		{E24B01E1-9228-41AD-9320-B159C8D05632}.RunConsoleWithConfigFile|x86.ActiveCfg = RunConsole|Any CPU
		{AC0F81E2-EE0B-4F63-908F-48AC139437A8}.Debug|Any CPU.ActiveCfg = Debug|Any CPU
		{AC0F81E2-EE0B-4F63-908F-48AC139437A8}.Debug|Any CPU.Build.0 = Debug|Any CPU
		{AC0F81E2-EE0B-4F63-908F-48AC139437A8}.Debug|Mixed Platforms.ActiveCfg = Debug|Any CPU
		{AC0F81E2-EE0B-4F63-908F-48AC139437A8}.Debug|Mixed Platforms.Build.0 = Debug|Any CPU
		{AC0F81E2-EE0B-4F63-908F-48AC139437A8}.Debug|x86.ActiveCfg = Debug|Any CPU
		{AC0F81E2-EE0B-4F63-908F-48AC139437A8}.Release|Any CPU.ActiveCfg = Release|Any CPU
		{AC0F81E2-EE0B-4F63-908F-48AC139437A8}.Release|Any CPU.Build.0 = Release|Any CPU
		{AC0F81E2-EE0B-4F63-908F-48AC139437A8}.Release|Mixed Platforms.ActiveCfg = Release|Any CPU
		{AC0F81E2-EE0B-4F63-908F-48AC139437A8}.Release|Mixed Platforms.Build.0 = Release|Any CPU
		{AC0F81E2-EE0B-4F63-908F-48AC139437A8}.Release|x86.ActiveCfg = Release|Any CPU
		{AC0F81E2-EE0B-4F63-908F-48AC139437A8}.RunConsole|Any CPU.ActiveCfg = RunConsole|Any CPU
		{AC0F81E2-EE0B-4F63-908F-48AC139437A8}.RunConsole|Any CPU.Build.0 = RunConsole|Any CPU
		{AC0F81E2-EE0B-4F63-908F-48AC139437A8}.RunConsole|Mixed Platforms.ActiveCfg = RunConsole|Any CPU
		{AC0F81E2-EE0B-4F63-908F-48AC139437A8}.RunConsole|Mixed Platforms.Build.0 = RunConsole|Any CPU
		{AC0F81E2-EE0B-4F63-908F-48AC139437A8}.RunConsole|x86.ActiveCfg = RunConsole|Any CPU
		{AC0F81E2-EE0B-4F63-908F-48AC139437A8}.RunConsoleWithConfigFile|Any CPU.ActiveCfg = RunConsole|Any CPU
		{AC0F81E2-EE0B-4F63-908F-48AC139437A8}.RunConsoleWithConfigFile|Any CPU.Build.0 = RunConsole|Any CPU
		{AC0F81E2-EE0B-4F63-908F-48AC139437A8}.RunConsoleWithConfigFile|Mixed Platforms.ActiveCfg = RunConsole|Any CPU
		{AC0F81E2-EE0B-4F63-908F-48AC139437A8}.RunConsoleWithConfigFile|Mixed Platforms.Build.0 = RunConsole|Any CPU
		{AC0F81E2-EE0B-4F63-908F-48AC139437A8}.RunConsoleWithConfigFile|x86.ActiveCfg = RunConsole|Any CPU
		{4D4D120C-00C1-492D-A776-FE49FD9903EB}.Debug|Any CPU.ActiveCfg = Debug|Any CPU
		{4D4D120C-00C1-492D-A776-FE49FD9903EB}.Debug|Any CPU.Build.0 = Debug|Any CPU
		{4D4D120C-00C1-492D-A776-FE49FD9903EB}.Debug|Mixed Platforms.ActiveCfg = Debug|Any CPU
		{4D4D120C-00C1-492D-A776-FE49FD9903EB}.Debug|Mixed Platforms.Build.0 = Debug|Any CPU
		{4D4D120C-00C1-492D-A776-FE49FD9903EB}.Debug|x86.ActiveCfg = Debug|Any CPU
		{4D4D120C-00C1-492D-A776-FE49FD9903EB}.Release|Any CPU.ActiveCfg = Release|Any CPU
		{4D4D120C-00C1-492D-A776-FE49FD9903EB}.Release|Any CPU.Build.0 = Release|Any CPU
		{4D4D120C-00C1-492D-A776-FE49FD9903EB}.Release|Mixed Platforms.ActiveCfg = Release|Any CPU
		{4D4D120C-00C1-492D-A776-FE49FD9903EB}.Release|Mixed Platforms.Build.0 = Release|Any CPU
		{4D4D120C-00C1-492D-A776-FE49FD9903EB}.Release|x86.ActiveCfg = Release|Any CPU
		{4D4D120C-00C1-492D-A776-FE49FD9903EB}.RunConsole|Any CPU.ActiveCfg = RunConsole|Any CPU
		{4D4D120C-00C1-492D-A776-FE49FD9903EB}.RunConsole|Any CPU.Build.0 = RunConsole|Any CPU
		{4D4D120C-00C1-492D-A776-FE49FD9903EB}.RunConsole|Mixed Platforms.ActiveCfg = RunConsole|Any CPU
		{4D4D120C-00C1-492D-A776-FE49FD9903EB}.RunConsole|Mixed Platforms.Build.0 = RunConsole|Any CPU
		{4D4D120C-00C1-492D-A776-FE49FD9903EB}.RunConsole|x86.ActiveCfg = RunConsole|Any CPU
		{4D4D120C-00C1-492D-A776-FE49FD9903EB}.RunConsoleWithConfigFile|Any CPU.ActiveCfg = RunConsoleWithConfigFile|Any CPU
		{4D4D120C-00C1-492D-A776-FE49FD9903EB}.RunConsoleWithConfigFile|Any CPU.Build.0 = RunConsoleWithConfigFile|Any CPU
		{4D4D120C-00C1-492D-A776-FE49FD9903EB}.RunConsoleWithConfigFile|Mixed Platforms.ActiveCfg = RunConsoleWithConfigFile|Any CPU
		{4D4D120C-00C1-492D-A776-FE49FD9903EB}.RunConsoleWithConfigFile|Mixed Platforms.Build.0 = RunConsoleWithConfigFile|Any CPU
		{4D4D120C-00C1-492D-A776-FE49FD9903EB}.RunConsoleWithConfigFile|x86.ActiveCfg = RunConsoleWithConfigFile|Any CPU
		{90DB8534-C471-47CF-999D-BE7A86070979}.Debug|Any CPU.ActiveCfg = Debug|Any CPU
		{90DB8534-C471-47CF-999D-BE7A86070979}.Debug|Any CPU.Build.0 = Debug|Any CPU
		{90DB8534-C471-47CF-999D-BE7A86070979}.Debug|Mixed Platforms.ActiveCfg = Debug|Any CPU
		{90DB8534-C471-47CF-999D-BE7A86070979}.Debug|Mixed Platforms.Build.0 = Debug|Any CPU
		{90DB8534-C471-47CF-999D-BE7A86070979}.Debug|x86.ActiveCfg = Debug|Any CPU
		{90DB8534-C471-47CF-999D-BE7A86070979}.Release|Any CPU.ActiveCfg = Release|Any CPU
		{90DB8534-C471-47CF-999D-BE7A86070979}.Release|Any CPU.Build.0 = Release|Any CPU
		{90DB8534-C471-47CF-999D-BE7A86070979}.Release|Mixed Platforms.ActiveCfg = Release|Any CPU
		{90DB8534-C471-47CF-999D-BE7A86070979}.Release|Mixed Platforms.Build.0 = Release|Any CPU
		{90DB8534-C471-47CF-999D-BE7A86070979}.Release|x86.ActiveCfg = Release|Any CPU
		{90DB8534-C471-47CF-999D-BE7A86070979}.RunConsole|Any CPU.ActiveCfg = Release|Any CPU
		{90DB8534-C471-47CF-999D-BE7A86070979}.RunConsole|Any CPU.Build.0 = Release|Any CPU
		{90DB8534-C471-47CF-999D-BE7A86070979}.RunConsole|Mixed Platforms.ActiveCfg = Release|Any CPU
		{90DB8534-C471-47CF-999D-BE7A86070979}.RunConsole|Mixed Platforms.Build.0 = Release|Any CPU
		{90DB8534-C471-47CF-999D-BE7A86070979}.RunConsole|x86.ActiveCfg = Release|Any CPU
		{90DB8534-C471-47CF-999D-BE7A86070979}.RunConsoleWithConfigFile|Any CPU.ActiveCfg = Release|Any CPU
		{90DB8534-C471-47CF-999D-BE7A86070979}.RunConsoleWithConfigFile|Any CPU.Build.0 = Release|Any CPU
		{90DB8534-C471-47CF-999D-BE7A86070979}.RunConsoleWithConfigFile|Mixed Platforms.ActiveCfg = Release|Any CPU
		{90DB8534-C471-47CF-999D-BE7A86070979}.RunConsoleWithConfigFile|Mixed Platforms.Build.0 = Release|Any CPU
		{90DB8534-C471-47CF-999D-BE7A86070979}.RunConsoleWithConfigFile|x86.ActiveCfg = Release|Any CPU
		{71FD43CC-68CD-4EB9-AA2F-94FEAF743965}.Debug|Any CPU.ActiveCfg = Debug|Any CPU
		{71FD43CC-68CD-4EB9-AA2F-94FEAF743965}.Debug|Any CPU.Build.0 = Debug|Any CPU
		{71FD43CC-68CD-4EB9-AA2F-94FEAF743965}.Debug|Mixed Platforms.ActiveCfg = Debug|Any CPU
		{71FD43CC-68CD-4EB9-AA2F-94FEAF743965}.Debug|Mixed Platforms.Build.0 = Debug|Any CPU
		{71FD43CC-68CD-4EB9-AA2F-94FEAF743965}.Debug|x86.ActiveCfg = Debug|Any CPU
		{71FD43CC-68CD-4EB9-AA2F-94FEAF743965}.Release|Any CPU.ActiveCfg = Release|Any CPU
		{71FD43CC-68CD-4EB9-AA2F-94FEAF743965}.Release|Any CPU.Build.0 = Release|Any CPU
		{71FD43CC-68CD-4EB9-AA2F-94FEAF743965}.Release|Mixed Platforms.ActiveCfg = Release|Any CPU
		{71FD43CC-68CD-4EB9-AA2F-94FEAF743965}.Release|Mixed Platforms.Build.0 = Release|Any CPU
		{71FD43CC-68CD-4EB9-AA2F-94FEAF743965}.Release|x86.ActiveCfg = Release|Any CPU
		{71FD43CC-68CD-4EB9-AA2F-94FEAF743965}.RunConsole|Any CPU.ActiveCfg = Release|Any CPU
		{71FD43CC-68CD-4EB9-AA2F-94FEAF743965}.RunConsole|Any CPU.Build.0 = Release|Any CPU
		{71FD43CC-68CD-4EB9-AA2F-94FEAF743965}.RunConsole|Mixed Platforms.ActiveCfg = Release|Any CPU
		{71FD43CC-68CD-4EB9-AA2F-94FEAF743965}.RunConsole|Mixed Platforms.Build.0 = Release|Any CPU
		{71FD43CC-68CD-4EB9-AA2F-94FEAF743965}.RunConsole|x86.ActiveCfg = Release|Any CPU
		{71FD43CC-68CD-4EB9-AA2F-94FEAF743965}.RunConsoleWithConfigFile|Any CPU.ActiveCfg = Release|Any CPU
		{71FD43CC-68CD-4EB9-AA2F-94FEAF743965}.RunConsoleWithConfigFile|Any CPU.Build.0 = Release|Any CPU
		{71FD43CC-68CD-4EB9-AA2F-94FEAF743965}.RunConsoleWithConfigFile|Mixed Platforms.ActiveCfg = Release|Any CPU
		{71FD43CC-68CD-4EB9-AA2F-94FEAF743965}.RunConsoleWithConfigFile|Mixed Platforms.Build.0 = Release|Any CPU
		{71FD43CC-68CD-4EB9-AA2F-94FEAF743965}.RunConsoleWithConfigFile|x86.ActiveCfg = Release|Any CPU
		{F88FFBC1-A743-49A8-A848-122E2617366F}.Debug|Any CPU.ActiveCfg = Debug|Any CPU
		{F88FFBC1-A743-49A8-A848-122E2617366F}.Debug|Any CPU.Build.0 = Debug|Any CPU
		{F88FFBC1-A743-49A8-A848-122E2617366F}.Debug|Mixed Platforms.ActiveCfg = Debug|Any CPU
		{F88FFBC1-A743-49A8-A848-122E2617366F}.Debug|Mixed Platforms.Build.0 = Debug|Any CPU
		{F88FFBC1-A743-49A8-A848-122E2617366F}.Debug|x86.ActiveCfg = Debug|Any CPU
		{F88FFBC1-A743-49A8-A848-122E2617366F}.Release|Any CPU.ActiveCfg = Release|Any CPU
		{F88FFBC1-A743-49A8-A848-122E2617366F}.Release|Any CPU.Build.0 = Release|Any CPU
		{F88FFBC1-A743-49A8-A848-122E2617366F}.Release|Mixed Platforms.ActiveCfg = Release|Any CPU
		{F88FFBC1-A743-49A8-A848-122E2617366F}.Release|Mixed Platforms.Build.0 = Release|Any CPU
		{F88FFBC1-A743-49A8-A848-122E2617366F}.Release|x86.ActiveCfg = Release|Any CPU
		{F88FFBC1-A743-49A8-A848-122E2617366F}.RunConsole|Any CPU.ActiveCfg = Release|Any CPU
		{F88FFBC1-A743-49A8-A848-122E2617366F}.RunConsole|Any CPU.Build.0 = Release|Any CPU
		{F88FFBC1-A743-49A8-A848-122E2617366F}.RunConsole|Mixed Platforms.ActiveCfg = Release|Any CPU
		{F88FFBC1-A743-49A8-A848-122E2617366F}.RunConsole|Mixed Platforms.Build.0 = Release|Any CPU
		{F88FFBC1-A743-49A8-A848-122E2617366F}.RunConsole|x86.ActiveCfg = Release|Any CPU
		{F88FFBC1-A743-49A8-A848-122E2617366F}.RunConsoleWithConfigFile|Any CPU.ActiveCfg = Release|Any CPU
		{F88FFBC1-A743-49A8-A848-122E2617366F}.RunConsoleWithConfigFile|Any CPU.Build.0 = Release|Any CPU
		{F88FFBC1-A743-49A8-A848-122E2617366F}.RunConsoleWithConfigFile|Mixed Platforms.ActiveCfg = Release|Any CPU
		{F88FFBC1-A743-49A8-A848-122E2617366F}.RunConsoleWithConfigFile|Mixed Platforms.Build.0 = Release|Any CPU
		{F88FFBC1-A743-49A8-A848-122E2617366F}.RunConsoleWithConfigFile|x86.ActiveCfg = Release|Any CPU
		{C134B4F2-71C6-4F6B-8CBD-E833F959698D}.Debug|Any CPU.ActiveCfg = Debug|Any CPU
		{C134B4F2-71C6-4F6B-8CBD-E833F959698D}.Debug|Any CPU.Build.0 = Debug|Any CPU
		{C134B4F2-71C6-4F6B-8CBD-E833F959698D}.Debug|Mixed Platforms.ActiveCfg = Debug|Any CPU
		{C134B4F2-71C6-4F6B-8CBD-E833F959698D}.Debug|Mixed Platforms.Build.0 = Debug|Any CPU
		{C134B4F2-71C6-4F6B-8CBD-E833F959698D}.Debug|x86.ActiveCfg = Debug|Any CPU
		{C134B4F2-71C6-4F6B-8CBD-E833F959698D}.Release|Any CPU.ActiveCfg = Release|Any CPU
		{C134B4F2-71C6-4F6B-8CBD-E833F959698D}.Release|Any CPU.Build.0 = Release|Any CPU
		{C134B4F2-71C6-4F6B-8CBD-E833F959698D}.Release|Mixed Platforms.ActiveCfg = Release|Any CPU
		{C134B4F2-71C6-4F6B-8CBD-E833F959698D}.Release|Mixed Platforms.Build.0 = Release|Any CPU
		{C134B4F2-71C6-4F6B-8CBD-E833F959698D}.Release|x86.ActiveCfg = Release|Any CPU
		{C134B4F2-71C6-4F6B-8CBD-E833F959698D}.RunConsole|Any CPU.ActiveCfg = Release|Any CPU
		{C134B4F2-71C6-4F6B-8CBD-E833F959698D}.RunConsole|Any CPU.Build.0 = Release|Any CPU
		{C134B4F2-71C6-4F6B-8CBD-E833F959698D}.RunConsole|Mixed Platforms.ActiveCfg = Release|Any CPU
		{C134B4F2-71C6-4F6B-8CBD-E833F959698D}.RunConsole|Mixed Platforms.Build.0 = Release|Any CPU
		{C134B4F2-71C6-4F6B-8CBD-E833F959698D}.RunConsole|x86.ActiveCfg = Release|Any CPU
		{C134B4F2-71C6-4F6B-8CBD-E833F959698D}.RunConsoleWithConfigFile|Any CPU.ActiveCfg = Release|Any CPU
		{C134B4F2-71C6-4F6B-8CBD-E833F959698D}.RunConsoleWithConfigFile|Any CPU.Build.0 = Release|Any CPU
		{C134B4F2-71C6-4F6B-8CBD-E833F959698D}.RunConsoleWithConfigFile|Mixed Platforms.ActiveCfg = Release|Any CPU
		{C134B4F2-71C6-4F6B-8CBD-E833F959698D}.RunConsoleWithConfigFile|Mixed Platforms.Build.0 = Release|Any CPU
		{C134B4F2-71C6-4F6B-8CBD-E833F959698D}.RunConsoleWithConfigFile|x86.ActiveCfg = Release|Any CPU
		{C13C196C-24EE-4A54-A19A-7B6CC637C44A}.Debug|Any CPU.ActiveCfg = Debug|Any CPU
		{C13C196C-24EE-4A54-A19A-7B6CC637C44A}.Debug|Any CPU.Build.0 = Debug|Any CPU
		{C13C196C-24EE-4A54-A19A-7B6CC637C44A}.Debug|Mixed Platforms.ActiveCfg = Debug|Any CPU
		{C13C196C-24EE-4A54-A19A-7B6CC637C44A}.Debug|Mixed Platforms.Build.0 = Debug|Any CPU
		{C13C196C-24EE-4A54-A19A-7B6CC637C44A}.Debug|x86.ActiveCfg = Debug|Any CPU
		{C13C196C-24EE-4A54-A19A-7B6CC637C44A}.Release|Any CPU.ActiveCfg = Release|Any CPU
		{C13C196C-24EE-4A54-A19A-7B6CC637C44A}.Release|Any CPU.Build.0 = Release|Any CPU
		{C13C196C-24EE-4A54-A19A-7B6CC637C44A}.Release|Mixed Platforms.ActiveCfg = Release|Any CPU
		{C13C196C-24EE-4A54-A19A-7B6CC637C44A}.Release|Mixed Platforms.Build.0 = Release|Any CPU
		{C13C196C-24EE-4A54-A19A-7B6CC637C44A}.Release|x86.ActiveCfg = Release|Any CPU
		{C13C196C-24EE-4A54-A19A-7B6CC637C44A}.RunConsole|Any CPU.ActiveCfg = Release|Any CPU
		{C13C196C-24EE-4A54-A19A-7B6CC637C44A}.RunConsole|Any CPU.Build.0 = Release|Any CPU
		{C13C196C-24EE-4A54-A19A-7B6CC637C44A}.RunConsole|Mixed Platforms.ActiveCfg = Release|Any CPU
		{C13C196C-24EE-4A54-A19A-7B6CC637C44A}.RunConsole|Mixed Platforms.Build.0 = Release|Any CPU
		{C13C196C-24EE-4A54-A19A-7B6CC637C44A}.RunConsole|x86.ActiveCfg = Release|Any CPU
		{C13C196C-24EE-4A54-A19A-7B6CC637C44A}.RunConsoleWithConfigFile|Any CPU.ActiveCfg = Release|Any CPU
		{C13C196C-24EE-4A54-A19A-7B6CC637C44A}.RunConsoleWithConfigFile|Any CPU.Build.0 = Release|Any CPU
		{C13C196C-24EE-4A54-A19A-7B6CC637C44A}.RunConsoleWithConfigFile|Mixed Platforms.ActiveCfg = Release|Any CPU
		{C13C196C-24EE-4A54-A19A-7B6CC637C44A}.RunConsoleWithConfigFile|Mixed Platforms.Build.0 = Release|Any CPU
		{C13C196C-24EE-4A54-A19A-7B6CC637C44A}.RunConsoleWithConfigFile|x86.ActiveCfg = Release|Any CPU
		{3882963C-55FC-409F-B256-47BC80A4705A}.Debug|Any CPU.ActiveCfg = Debug|Any CPU
		{3882963C-55FC-409F-B256-47BC80A4705A}.Debug|Any CPU.Build.0 = Debug|Any CPU
		{3882963C-55FC-409F-B256-47BC80A4705A}.Debug|Mixed Platforms.ActiveCfg = Debug|Any CPU
		{3882963C-55FC-409F-B256-47BC80A4705A}.Debug|Mixed Platforms.Build.0 = Debug|Any CPU
		{3882963C-55FC-409F-B256-47BC80A4705A}.Debug|x86.ActiveCfg = Debug|Any CPU
		{3882963C-55FC-409F-B256-47BC80A4705A}.Release|Any CPU.ActiveCfg = Release|Any CPU
		{3882963C-55FC-409F-B256-47BC80A4705A}.Release|Any CPU.Build.0 = Release|Any CPU
		{3882963C-55FC-409F-B256-47BC80A4705A}.Release|Mixed Platforms.ActiveCfg = Release|Any CPU
		{3882963C-55FC-409F-B256-47BC80A4705A}.Release|Mixed Platforms.Build.0 = Release|Any CPU
		{3882963C-55FC-409F-B256-47BC80A4705A}.Release|x86.ActiveCfg = Release|Any CPU
		{3882963C-55FC-409F-B256-47BC80A4705A}.RunConsole|Any CPU.ActiveCfg = Release|Any CPU
		{3882963C-55FC-409F-B256-47BC80A4705A}.RunConsole|Any CPU.Build.0 = Release|Any CPU
		{3882963C-55FC-409F-B256-47BC80A4705A}.RunConsole|Mixed Platforms.ActiveCfg = Release|Any CPU
		{3882963C-55FC-409F-B256-47BC80A4705A}.RunConsole|Mixed Platforms.Build.0 = Release|Any CPU
		{3882963C-55FC-409F-B256-47BC80A4705A}.RunConsole|x86.ActiveCfg = Release|Any CPU
		{3882963C-55FC-409F-B256-47BC80A4705A}.RunConsoleWithConfigFile|Any CPU.ActiveCfg = Release|Any CPU
		{3882963C-55FC-409F-B256-47BC80A4705A}.RunConsoleWithConfigFile|Any CPU.Build.0 = Release|Any CPU
		{3882963C-55FC-409F-B256-47BC80A4705A}.RunConsoleWithConfigFile|Mixed Platforms.ActiveCfg = Release|Any CPU
		{3882963C-55FC-409F-B256-47BC80A4705A}.RunConsoleWithConfigFile|Mixed Platforms.Build.0 = Release|Any CPU
		{3882963C-55FC-409F-B256-47BC80A4705A}.RunConsoleWithConfigFile|x86.ActiveCfg = Release|Any CPU
		{88A6AC86-DF5D-4C3B-8C4F-02C9F8E2D865}.Debug|Any CPU.ActiveCfg = Debug|Any CPU
		{88A6AC86-DF5D-4C3B-8C4F-02C9F8E2D865}.Debug|Any CPU.Build.0 = Debug|Any CPU
		{88A6AC86-DF5D-4C3B-8C4F-02C9F8E2D865}.Debug|Mixed Platforms.ActiveCfg = Debug|Any CPU
		{88A6AC86-DF5D-4C3B-8C4F-02C9F8E2D865}.Debug|Mixed Platforms.Build.0 = Debug|Any CPU
		{88A6AC86-DF5D-4C3B-8C4F-02C9F8E2D865}.Debug|x86.ActiveCfg = Debug|Any CPU
		{88A6AC86-DF5D-4C3B-8C4F-02C9F8E2D865}.Debug|x86.Build.0 = Debug|Any CPU
		{88A6AC86-DF5D-4C3B-8C4F-02C9F8E2D865}.Release|Any CPU.ActiveCfg = Release|Any CPU
		{88A6AC86-DF5D-4C3B-8C4F-02C9F8E2D865}.Release|Any CPU.Build.0 = Release|Any CPU
		{88A6AC86-DF5D-4C3B-8C4F-02C9F8E2D865}.Release|Mixed Platforms.ActiveCfg = Release|Any CPU
		{88A6AC86-DF5D-4C3B-8C4F-02C9F8E2D865}.Release|Mixed Platforms.Build.0 = Release|Any CPU
		{88A6AC86-DF5D-4C3B-8C4F-02C9F8E2D865}.Release|x86.ActiveCfg = Release|Any CPU
		{88A6AC86-DF5D-4C3B-8C4F-02C9F8E2D865}.Release|x86.Build.0 = Release|Any CPU
		{88A6AC86-DF5D-4C3B-8C4F-02C9F8E2D865}.RunConsole|Any CPU.ActiveCfg = Release|Any CPU
		{88A6AC86-DF5D-4C3B-8C4F-02C9F8E2D865}.RunConsole|Any CPU.Build.0 = Release|Any CPU
		{88A6AC86-DF5D-4C3B-8C4F-02C9F8E2D865}.RunConsole|Mixed Platforms.ActiveCfg = Release|Any CPU
		{88A6AC86-DF5D-4C3B-8C4F-02C9F8E2D865}.RunConsole|Mixed Platforms.Build.0 = Release|Any CPU
		{88A6AC86-DF5D-4C3B-8C4F-02C9F8E2D865}.RunConsole|x86.ActiveCfg = Release|Any CPU
		{88A6AC86-DF5D-4C3B-8C4F-02C9F8E2D865}.RunConsole|x86.Build.0 = Release|Any CPU
		{88A6AC86-DF5D-4C3B-8C4F-02C9F8E2D865}.RunConsoleWithConfigFile|Any CPU.ActiveCfg = Release|Any CPU
		{88A6AC86-DF5D-4C3B-8C4F-02C9F8E2D865}.RunConsoleWithConfigFile|Any CPU.Build.0 = Release|Any CPU
		{88A6AC86-DF5D-4C3B-8C4F-02C9F8E2D865}.RunConsoleWithConfigFile|Mixed Platforms.ActiveCfg = Release|Any CPU
		{88A6AC86-DF5D-4C3B-8C4F-02C9F8E2D865}.RunConsoleWithConfigFile|Mixed Platforms.Build.0 = Release|Any CPU
		{88A6AC86-DF5D-4C3B-8C4F-02C9F8E2D865}.RunConsoleWithConfigFile|x86.ActiveCfg = Release|Any CPU
		{88A6AC86-DF5D-4C3B-8C4F-02C9F8E2D865}.RunConsoleWithConfigFile|x86.Build.0 = Release|Any CPU
	EndGlobalSection
	GlobalSection(SolutionProperties) = preSolution
		HideSolutionNode = FALSE
	EndGlobalSection
	GlobalSection(NestedProjects) = preSolution
		{CF7A4BD2-4773-44AF-A68E-053A16F69460} = {793AF583-3F77-4231-8E3C-8C4DE542B6BB}
		{12CDD38A-1C4B-46C9-A7C6-A21219A68CC0} = {793AF583-3F77-4231-8E3C-8C4DE542B6BB}
		{9592E3A7-963D-4607-9DB1-568BF4B250CE} = {CF7A4BD2-4773-44AF-A68E-053A16F69460}
		{56E5E12E-2179-4B89-9CE2-D991BDC11EF4} = {793AF583-3F77-4231-8E3C-8C4DE542B6BB}
		{31458D3D-6D11-4D02-B91C-67E2285B48FE} = {793AF583-3F77-4231-8E3C-8C4DE542B6BB}
		{D3047BAA-5C31-49A0-8F0F-02E611755B49} = {793AF583-3F77-4231-8E3C-8C4DE542B6BB}
		{40ACCA31-F82B-42D7-8E7A-B34C0ACA5A9B} = {CF7A4BD2-4773-44AF-A68E-053A16F69460}
		{54F464EE-09C8-4A06-BA85-8FE64097AB6E} = {D6513B59-C491-422F-9491-74ADAD70672E}
		{3882963C-55FC-409F-B256-47BC80A4705A} = {E76F8285-2376-4FCE-94AC-CD92FA66B8F3}
		{88A6AC86-DF5D-4C3B-8C4F-02C9F8E2D865} = {CF7A4BD2-4773-44AF-A68E-053A16F69460}
	EndGlobalSection
	GlobalSection(ExtensibilityGlobals) = postSolution
		SolutionGuid = {CEAED6B3-3B19-425A-8F0C-093C91F68B49}
	EndGlobalSection
	GlobalSection(TestCaseManagementSettings) = postSolution
		CategoryFile = WordToTFS1.vsmdi
	EndGlobalSection
EndGlobal
